
Microsoft Visual Studio Solution File, Format Version 12.00
# Visual Studio 15
Project("{FAE04EC0-301F-11D3-BF4B-00C04F79EFBC}") = "sig-todo", "sig-todo.csproj", "{658C47F6-453A-4003-B3EA-64A14671810E}"
EndProject
Global
	GlobalSection(SolutionConfigurationPlatforms) = preSolution
		Debug|Any CPU = Debug|Any CPU
		Release|Any CPU = Release|Any CPU
	EndGlobalSection
	GlobalSection(ProjectConfigurationPlatforms) = postSolution
		{658C47F6-453A-4003-B3EA-64A14671810E}.Debug|Any CPU.ActiveCfg = Debug|Any CPU
		{658C47F6-453A-4003-B3EA-64A14671810E}.Debug|Any CPU.Build.0 = Debug|Any CPU
		{658C47F6-453A-4003-B3EA-64A14671810E}.Release|Any CPU.ActiveCfg = Release|Any CPU
		{658C47F6-453A-4003-B3EA-64A14671810E}.Release|Any CPU.Build.0 = Release|Any CPU
	EndGlobalSection
EndGlobal
